
Microsoft Visual Studio Solution File, Format Version 12.00
# Visual Studio Version 16
VisualStudioVersion = 16.0.30611.23
MinimumVisualStudioVersion = 10.0.40219.1
Project("{9A19103F-16F7-4668-BE54-9A1E7A4F7556}") = "PenielSite2", "PenielSite2\PenielSite2.csproj", "{81AA3A99-E1DA-48B8-98B8-96F7CB6063AF}"
EndProject
Global
	GlobalSection(SolutionConfigurationPlatforms) = preSolution
		Debug|Any CPU = Debug|Any CPU
		Release|Any CPU = Release|Any CPU
	EndGlobalSection
	GlobalSection(ProjectConfigurationPlatforms) = postSolution
		{81AA3A99-E1DA-48B8-98B8-96F7CB6063AF}.Debug|Any CPU.ActiveCfg = Debug|Any CPU
		{81AA3A99-E1DA-48B8-98B8-96F7CB6063AF}.Debug|Any CPU.Build.0 = Debug|Any CPU
		{81AA3A99-E1DA-48B8-98B8-96F7CB6063AF}.Release|Any CPU.ActiveCfg = Release|Any CPU
		{81AA3A99-E1DA-48B8-98B8-96F7CB6063AF}.Release|Any CPU.Build.0 = Release|Any CPU
	EndGlobalSection
	GlobalSection(SolutionProperties) = preSolution
		HideSolutionNode = FALSE
	EndGlobalSection
	GlobalSection(ExtensibilityGlobals) = postSolution
		SolutionGuid = {419F069E-B7A3-4849-BAAC-4326C2D4DA7A}
	EndGlobalSection
EndGlobal
